{
  "name": "maximo-mcp-openshift-monorepo",
  "lockfileVersion": 3,
  "requires": true,
  "packages": {
    "": {
      "name": "maximo-mcp-openshift-monorepo",
      "dependencies": {
        "lru-cache": "^11.0.2",
        "zod": "^3.23.8"
      }
    },
    "node_modules/lru-cache": {
      "version": "11.2.4",
      "resolved": "https://registry.npmjs.org/lru-cache/-/lru-cache-11.2.4.tgz",
      "integrity": "sha512-B5Y16Jr9LB9dHVkh6ZevG+vAbOsNOYCX+sXvFWFu7B3Iz5mijW3zdbMyhsh8ANd2mSWBYdJgnqi+mL7/LrOPYg==",
      "license": "BlueOak-1.0.0",
      "engines": {
        "node": "20 || >=22"
      }
    },
    "node_modules/zod": {
      "version": "3.25.76",
      "resolved": "https://registry.npmjs.org/zod/-/zod-3.25.76.tgz",
      "integrity": "sha512-gzUt/qt81nXsFGKIFcC3YnfEAx5NkunCfnDlvuBSSFS02bcXu4Lmea0AFIUwbLWxWPx3d9p8S5QoaujKcNQxcQ==",
      "license": "MIT",
      "funding": {
        "url": "https://github.com/sponsors/colinhacks"
      }
    }
  }
}
